
Microsoft Visual Studio Solution File, Format Version 12.00
# Visual Studio Version 16
VisualStudioVersion = 16.0.29215.179
MinimumVisualStudioVersion = 10.0.40219.1
Project("{FAE04EC0-301F-11D3-BF4B-00C04F79EFBC}") = "Assignment1_v9", "Assignment1_v9.csproj", "{1131459A-86BB-457F-9C86-14E142293D31}"
EndProject
Global
	GlobalSection(SolutionConfigurationPlatforms) = preSolution
		Debug|Any CPU = Debug|Any CPU
		Release|Any CPU = Release|Any CPU
	EndGlobalSection
	GlobalSection(ProjectConfigurationPlatforms) = postSolution
		{1131459A-86BB-457F-9C86-14E142293D31}.Debug|Any CPU.ActiveCfg = Debug|Any CPU
		{1131459A-86BB-457F-9C86-14E142293D31}.Debug|Any CPU.Build.0 = Debug|Any CPU
		{1131459A-86BB-457F-9C86-14E142293D31}.Release|Any CPU.ActiveCfg = Release|Any CPU
		{1131459A-86BB-457F-9C86-14E142293D31}.Release|Any CPU.Build.0 = Release|Any CPU
	EndGlobalSection
	GlobalSection(SolutionProperties) = preSolution
		HideSolutionNode = FALSE
	EndGlobalSection
	GlobalSection(ExtensibilityGlobals) = postSolution
		SolutionGuid = {959976BC-C8E5-4330-A52A-10D58511F3ED}
	EndGlobalSection
EndGlobal
